// !$*UTF8*$!
{
	archiveVersion = 1;
	classes = {
	};
	objectVersion = 50;
	objects = {

/* Begin PBXBuildFile section */
		8A68F4BBF22D921C6391288C /* libPods-Winter.a in Frameworks */ = {isa = PBXBuildFile; fileRef = EC05A1856F9E632972AD2210 /* libPods-Winter.a */; };
		991F432C21957DE400EF2494 /* MDDetailImageView.m in Sources */ = {isa = PBXBuildFile; fileRef = 991F432A21957DE400EF2494 /* MDDetailImageView.m */; };
		994916E2219663B3002DEA10 /* QMainPopLayoutConstraint.m in Sources */ = {isa = PBXBuildFile; fileRef = 994916DE219663B3002DEA10 /* QMainPopLayoutConstraint.m */; };
		994916E3219663B3002DEA10 /* QMainPopUtil.m in Sources */ = {isa = PBXBuildFile; fileRef = 994916E0219663B3002DEA10 /* QMainPopUtil.m */; };
		9949173B219665A8002DEA10 /* QMainAlertViewStyleKit.m in Sources */ = {isa = PBXBuildFile; fileRef = 99491734219665A8002DEA10 /* QMainAlertViewStyleKit.m */; };
		9949173C219665A8002DEA10 /* QMainAlertView.m in Sources */ = {isa = PBXBuildFile; fileRef = 99491735219665A8002DEA10 /* QMainAlertView.m */; };
		99C594ED218AEC6500FBADEC /* AppDelegate.m in Sources */ = {isa = PBXBuildFile; fileRef = 99C594EC218AEC6500FBADEC /* AppDelegate.m */; };
		99C594F0218AEC6500FBADEC /* ViewController.m in Sources */ = {isa = PBXBuildFile; fileRef = 99C594EF218AEC6500FBADEC /* ViewController.m */; };
		99C594F3218AEC6500FBADEC /* Main.storyboard in Resources */ = {isa = PBXBuildFile; fileRef = 99C594F1218AEC6500FBADEC /* Main.storyboard */; };
		99C594F5218AEC6600FBADEC /* Assets.xcassets in Resources */ = {isa = PBXBuildFile; fileRef = 99C594F4218AEC6600FBADEC /* Assets.xcassets */; };
		99C594F8218AEC6600FBADEC /* LaunchScreen.storyboard in Resources */ = {isa = PBXBuildFile; fileRef = 99C594F6218AEC6600FBADEC /* LaunchScreen.storyboard */; };
		99C594FB218AEC6600FBADEC /* main.m in Sources */ = {isa = PBXBuildFile; fileRef = 99C594FA218AEC6600FBADEC /* main.m */; };
		99C59509218AECBC00FBADEC /* MDMethod.m in Sources */ = {isa = PBXBuildFile; fileRef = 99C59502218AECBC00FBADEC /* MDMethod.m */; };
		99FEA3EA218BE64E000B2B39 /* MDevKit.m in Sources */ = {isa = PBXBuildFile; fileRef = 99FEA3E9218BE64E000B2B39 /* MDevKit.m */; };
/* End PBXBuildFile section */

/* Begin PBXFileReference section */
		0DA477727A6466D15156329A /* Pods-Winter.release.xcconfig */ = {isa = PBXFileReference; includeInIndex = 1; lastKnownFileType = text.xcconfig; name = "Pods-Winter.release.xcconfig"; path = "Pods/Target Support Files/Pods-Winter/Pods-Winter.release.xcconfig"; sourceTree = "<group>"; };
		7B4B072C084C4615A688F08E /* Pods-Winter.debug.xcconfig */ = {isa = PBXFileReference; includeInIndex = 1; lastKnownFileType = text.xcconfig; name = "Pods-Winter.debug.xcconfig"; path = "Pods/Target Support Files/Pods-Winter/Pods-Winter.debug.xcconfig"; sourceTree = "<group>"; };
		991F432A21957DE400EF2494 /* MDDetailImageView.m */ = {isa = PBXFileReference; fileEncoding = 4; lastKnownFileType = sourcecode.c.objc; path = MDDetailImageView.m; sourceTree = "<group>"; };
		991F432B21957DE400EF2494 /* MDDetailImageView.h */ = {isa = PBXFileReference; fileEncoding = 4; lastKnownFileType = sourcecode.c.h; path = MDDetailImageView.h; sourceTree = "<group>"; };
		994916DE219663B3002DEA10 /* QMainPopLayoutConstraint.m */ = {isa = PBXFileReference; fileEncoding = 4; lastKnownFileType = sourcecode.c.objc; path = QMainPopLayoutConstraint.m; sourceTree = "<group>"; };
		994916DF219663B3002DEA10 /* QMainPopUtil.h */ = {isa = PBXFileReference; fileEncoding = 4; lastKnownFileType = sourcecode.c.h; path = QMainPopUtil.h; sourceTree = "<group>"; };
		994916E0219663B3002DEA10 /* QMainPopUtil.m */ = {isa = PBXFileReference; fileEncoding = 4; lastKnownFileType = sourcecode.c.objc; path = QMainPopUtil.m; sourceTree = "<group>"; };
		994916E1219663B3002DEA10 /* QMainPopLayoutConstraint.h */ = {isa = PBXFileReference; fileEncoding = 4; lastKnownFileType = sourcecode.c.h; path = QMainPopLayoutConstraint.h; sourceTree = "<group>"; };
		99491732219665A8002DEA10 /* QMainAlertViewStyleKit.h */ = {isa = PBXFileReference; fileEncoding = 4; lastKnownFileType = sourcecode.c.h; path = QMainAlertViewStyleKit.h; sourceTree = "<group>"; };
		99491733219665A8002DEA10 /* QMainAlertView.h */ = {isa = PBXFileReference; fileEncoding = 4; lastKnownFileType = sourcecode.c.h; path = QMainAlertView.h; sourceTree = "<group>"; };
		99491734219665A8002DEA10 /* QMainAlertViewStyleKit.m */ = {isa = PBXFileReference; fileEncoding = 4; lastKnownFileType = sourcecode.c.objc; path = QMainAlertViewStyleKit.m; sourceTree = "<group>"; };
		99491735219665A8002DEA10 /* QMainAlertView.m */ = {isa = PBXFileReference; fileEncoding = 4; lastKnownFileType = sourcecode.c.objc; path = QMainAlertView.m; sourceTree = "<group>"; };
		9949173F219677B5002DEA10 /* Winter.h */ = {isa = PBXFileReference; lastKnownFileType = sourcecode.c.h; path = Winter.h; sourceTree = "<group>"; };
		99C594E8218AEC6500FBADEC /* Winter.app */ = {isa = PBXFileReference; explicitFileType = wrapper.application; includeInIndex = 0; path = Winter.app; sourceTree = BUILT_PRODUCTS_DIR; };
		99C594EB218AEC6500FBADEC /* AppDelegate.h */ = {isa = PBXFileReference; lastKnownFileType = sourcecode.c.h; path = AppDelegate.h; sourceTree = "<group>"; };
		99C594EC218AEC6500FBADEC /* AppDelegate.m */ = {isa = PBXFileReference; lastKnownFileType = sourcecode.c.objc; path = AppDelegate.m; sourceTree = "<group>"; };
		99C594EE218AEC6500FBADEC /* ViewController.h */ = {isa = PBXFileReference; lastKnownFileType = sourcecode.c.h; path = ViewController.h; sourceTree = "<group>"; };
		99C594EF218AEC6500FBADEC /* ViewController.m */ = {isa = PBXFileReference; lastKnownFileType = sourcecode.c.objc; path = ViewController.m; sourceTree = "<group>"; };
		99C594F2218AEC6500FBADEC /* Base */ = {isa = PBXFileReference; lastKnownFileType = file.storyboard; name = Base; path = Base.lproj/Main.storyboard; sourceTree = "<group>"; };
		99C594F4218AEC6600FBADEC /* Assets.xcassets */ = {isa = PBXFileReference; lastKnownFileType = folder.assetcatalog; path = Assets.xcassets; sourceTree = "<group>"; };
		99C594F7218AEC6600FBADEC /* Base */ = {isa = PBXFileReference; lastKnownFileType = file.storyboard; name = Base; path = Base.lproj/LaunchScreen.storyboard; sourceTree = "<group>"; };
		99C594F9218AEC6600FBADEC /* Info.plist */ = {isa = PBXFileReference; lastKnownFileType = text.plist.xml; path = Info.plist; sourceTree = "<group>"; };
		99C594FA218AEC6600FBADEC /* main.m */ = {isa = PBXFileReference; lastKnownFileType = sourcecode.c.objc; path = main.m; sourceTree = "<group>"; };
		99C59502218AECBC00FBADEC /* MDMethod.m */ = {isa = PBXFileReference; fileEncoding = 4; lastKnownFileType = sourcecode.c.objc; path = MDMethod.m; sourceTree = "<group>"; };
		99C59505218AECBC00FBADEC /* MDMethod.h */ = {isa = PBXFileReference; fileEncoding = 4; lastKnownFileType = sourcecode.c.h; path = MDMethod.h; sourceTree = "<group>"; };
		99FEA3E8218BE64E000B2B39 /* MDevKit.h */ = {isa = PBXFileReference; fileEncoding = 4; lastKnownFileType = sourcecode.c.h; path = MDevKit.h; sourceTree = "<group>"; };
		99FEA3E9218BE64E000B2B39 /* MDevKit.m */ = {isa = PBXFileReference; fileEncoding = 4; lastKnownFileType = sourcecode.c.objc; path = MDevKit.m; sourceTree = "<group>"; };
		EC05A1856F9E632972AD2210 /* libPods-Winter.a */ = {isa = PBXFileReference; explicitFileType = archive.ar; includeInIndex = 0; path = "libPods-Winter.a"; sourceTree = BUILT_PRODUCTS_DIR; };
/* End PBXFileReference section */

/* Begin PBXFrameworksBuildPhase section */
		99C594E5218AEC6400FBADEC /* Frameworks */ = {
			isa = PBXFrameworksBuildPhase;
			buildActionMask = 2147483647;
			files = (
				8A68F4BBF22D921C6391288C /* libPods-Winter.a in Frameworks */,
			);
			runOnlyForDeploymentPostprocessing = 0;
		};
/* End PBXFrameworksBuildPhase section */

/* Begin PBXGroup section */
		991F432921957DE400EF2494 /* MDDetailImageView */ = {
			isa = PBXGroup;
			children = (
				991F432B21957DE400EF2494 /* MDDetailImageView.h */,
				991F432A21957DE400EF2494 /* MDDetailImageView.m */,
			);
			path = MDDetailImageView;
			sourceTree = "<group>";
		};
		991F432D21957E1700EF2494 /* Resource */ = {
			isa = PBXGroup;
			children = (
			);
			path = Resource;
			sourceTree = "<group>";
		};
		994916DD219663B3002DEA10 /* QMainPopUtil */ = {
			isa = PBXGroup;
			children = (
				994916DF219663B3002DEA10 /* QMainPopUtil.h */,
				994916E0219663B3002DEA10 /* QMainPopUtil.m */,
				994916E1219663B3002DEA10 /* QMainPopLayoutConstraint.h */,
				994916DE219663B3002DEA10 /* QMainPopLayoutConstraint.m */,
			);
			path = QMainPopUtil;
			sourceTree = "<group>";
		};
		99491731219665A8002DEA10 /* QMainAlertView */ = {
			isa = PBXGroup;
			children = (
				99491733219665A8002DEA10 /* QMainAlertView.h */,
				99491735219665A8002DEA10 /* QMainAlertView.m */,
				99491732219665A8002DEA10 /* QMainAlertViewStyleKit.h */,
				99491734219665A8002DEA10 /* QMainAlertViewStyleKit.m */,
			);
			path = QMainAlertView;
			sourceTree = "<group>";
		};
		99C594DF218AEC6400FBADEC = {
			isa = PBXGroup;
			children = (
				99C59501218AECBC00FBADEC /* MDMethod */,
				99C594EA218AEC6500FBADEC /* Winter */,
				99C594E9218AEC6500FBADEC /* Products */,
				B6C484735ECCDCF367807ED3 /* Pods */,
				F390D01BAEC9E3401CE65B8B /* Frameworks */,
			);
			sourceTree = "<group>";
		};
		99C594E9218AEC6500FBADEC /* Products */ = {
			isa = PBXGroup;
			children = (
				99C594E8218AEC6500FBADEC /* Winter.app */,
			);
			name = Products;
			sourceTree = "<group>";
		};
		99C594EA218AEC6500FBADEC /* Winter */ = {
			isa = PBXGroup;
			children = (
				99C594EB218AEC6500FBADEC /* AppDelegate.h */,
				99C594EC218AEC6500FBADEC /* AppDelegate.m */,
				99C594EE218AEC6500FBADEC /* ViewController.h */,
				99C594EF218AEC6500FBADEC /* ViewController.m */,
				99C594F1218AEC6500FBADEC /* Main.storyboard */,
				99C594F4218AEC6600FBADEC /* Assets.xcassets */,
				99C594F6218AEC6600FBADEC /* LaunchScreen.storyboard */,
				99C594F9218AEC6600FBADEC /* Info.plist */,
				99C594FA218AEC6600FBADEC /* main.m */,
			);
			path = Winter;
			sourceTree = "<group>";
		};
		99C59501218AECBC00FBADEC /* MDMethod */ = {
			isa = PBXGroup;
			children = (
				9949173F219677B5002DEA10 /* Winter.h */,
				99C59505218AECBC00FBADEC /* MDMethod.h */,
				99C59502218AECBC00FBADEC /* MDMethod.m */,
				99FEA3E8218BE64E000B2B39 /* MDevKit.h */,
				99FEA3E9218BE64E000B2B39 /* MDevKit.m */,
				991F432921957DE400EF2494 /* MDDetailImageView */,
				99491731219665A8002DEA10 /* QMainAlertView */,
				994916DD219663B3002DEA10 /* QMainPopUtil */,
				991F432D21957E1700EF2494 /* Resource */,
			);
			path = MDMethod;
			sourceTree = "<group>";
		};
		B6C484735ECCDCF367807ED3 /* Pods */ = {
			isa = PBXGroup;
			children = (
				7B4B072C084C4615A688F08E /* Pods-Winter.debug.xcconfig */,
				0DA477727A6466D15156329A /* Pods-Winter.release.xcconfig */,
			);
			name = Pods;
			sourceTree = "<group>";
		};
		F390D01BAEC9E3401CE65B8B /* Frameworks */ = {
			isa = PBXGroup;
			children = (
				EC05A1856F9E632972AD2210 /* libPods-Winter.a */,
			);
			name = Frameworks;
			sourceTree = "<group>";
		};
/* End PBXGroup section */

/* Begin PBXNativeTarget section */
		99C594E7218AEC6400FBADEC /* Winter */ = {
			isa = PBXNativeTarget;
			buildConfigurationList = 99C594FE218AEC6600FBADEC /* Build configuration list for PBXNativeTarget "Winter" */;
			buildPhases = (
				DA8F6E50D51480B8F2AAE6DD /* [CP] Check Pods Manifest.lock */,
				99C594E4218AEC6400FBADEC /* Sources */,
				99C594E5218AEC6400FBADEC /* Frameworks */,
				99C594E6218AEC6400FBADEC /* Resources */,
			);
			buildRules = (
			);
			dependencies = (
			);
			name = Winter;
			productName = Winter;
			productReference = 99C594E8218AEC6500FBADEC /* Winter.app */;
			productType = "com.apple.product-type.application";
		};
/* End PBXNativeTarget section */

/* Begin PBXProject section */
		99C594E0218AEC6400FBADEC /* Project object */ = {
			isa = PBXProject;
			attributes = {
				LastUpgradeCheck = 0940;
				ORGANIZATIONNAME = DevMengdong;
				TargetAttributes = {
					99C594E7218AEC6400FBADEC = {
						CreatedOnToolsVersion = 9.4.1;
					};
				};
			};
			buildConfigurationList = 99C594E3218AEC6400FBADEC /* Build configuration list for PBXProject "Winter" */;
			compatibilityVersion = "Xcode 9.3";
			developmentRegion = en;
			hasScannedForEncodings = 0;
			knownRegions = (
				en,
				Base,
			);
			mainGroup = 99C594DF218AEC6400FBADEC;
			productRefGroup = 99C594E9218AEC6500FBADEC /* Products */;
			projectDirPath = "";
			projectRoot = "";
			targets = (
				99C594E7218AEC6400FBADEC /* Winter */,
			);
		};
/* End PBXProject section */

/* Begin PBXResourcesBuildPhase section */
		99C594E6218AEC6400FBADEC /* Resources */ = {
			isa = PBXResourcesBuildPhase;
			buildActionMask = 2147483647;
			files = (
				99C594F8218AEC6600FBADEC /* LaunchScreen.storyboard in Resources */,
				99C594F5218AEC6600FBADEC /* Assets.xcassets in Resources */,
				99C594F3218AEC6500FBADEC /* Main.storyboard in Resources */,
			);
			runOnlyForDeploymentPostprocessing = 0;
		};
/* End PBXResourcesBuildPhase section */

/* Begin PBXShellScriptBuildPhase section */
		DA8F6E50D51480B8F2AAE6DD /* [CP] Check Pods Manifest.lock */ = {
			isa = PBXShellScriptBuildPhase;
			buildActionMask = 2147483647;
			files = (
			);
			inputPaths = (
				"${PODS_PODFILE_DIR_PATH}/Podfile.lock",
				"${PODS_ROOT}/Manifest.lock",
			);
			name = "[CP] Check Pods Manifest.lock";
			outputPaths = (
				"$(DERIVED_FILE_DIR)/Pods-Winter-checkManifestLockResult.txt",
			);
			runOnlyForDeploymentPostprocessing = 0;
			shellPath = /bin/sh;
			shellScript = "diff \"${PODS_PODFILE_DIR_PATH}/Podfile.lock\" \"${PODS_ROOT}/Manifest.lock\" > /dev/null\nif [ $? != 0 ] ; then\n    # print error to STDERR\n    echo \"error: The sandbox is not in sync with the Podfile.lock. Run 'pod install' or update your CocoaPods installation.\" >&2\n    exit 1\nfi\n# This output is used by Xcode 'outputs' to avoid re-running this script phase.\necho \"SUCCESS\" > \"${SCRIPT_OUTPUT_FILE_0}\"\n";
			showEnvVarsInLog = 0;
		};
/* End PBXShellScriptBuildPhase section */

/* Begin PBXSourcesBuildPhase section */
		99C594E4218AEC6400FBADEC /* Sources */ = {
			isa = PBXSourcesBuildPhase;
			buildActionMask = 2147483647;
			files = (
				99FEA3EA218BE64E000B2B39 /* MDevKit.m in Sources */,
				9949173B219665A8002DEA10 /* QMainAlertViewStyleKit.m in Sources */,
				9949173C219665A8002DEA10 /* QMainAlertView.m in Sources */,
				99C594F0218AEC6500FBADEC /* ViewController.m in Sources */,
				99C594FB218AEC6600FBADEC /* main.m in Sources */,
				99C594ED218AEC6500FBADEC /* AppDelegate.m in Sources */,
				994916E3219663B3002DEA10 /* QMainPopUtil.m in Sources */,
				994916E2219663B3002DEA10 /* QMainPopLayoutConstraint.m in Sources */,
				991F432C21957DE400EF2494 /* MDDetailImageView.m in Sources */,
				99C59509218AECBC00FBADEC /* MDMethod.m in Sources */,
			);
			runOnlyForDeploymentPostprocessing = 0;
		};
/* End PBXSourcesBuildPhase section */

/* Begin PBXVariantGroup section */
		99C594F1218AEC6500FBADEC /* Main.storyboard */ = {
			isa = PBXVariantGroup;
			children = (
				99C594F2218AEC6500FBADEC /* Base */,
			);
			name = Main.storyboard;
			sourceTree = "<group>";
		};
		99C594F6218AEC6600FBADEC /* LaunchScreen.storyboard */ = {
			isa = PBXVariantGroup;
			children = (
				99C594F7218AEC6600FBADEC /* Base */,
			);
			name = LaunchScreen.storyboard;
			sourceTree = "<group>";
		};
/* End PBXVariantGroup section */

/* Begin XCBuildConfiguration section */
		99C594FC218AEC6600FBADEC /* Debug */ = {
			isa = XCBuildConfiguration;
			buildSettings = {
				ALWAYS_SEARCH_USER_PATHS = NO;
				CLANG_ANALYZER_NONNULL = YES;
				CLANG_ANALYZER_NUMBER_OBJECT_CONVERSION = YES_AGGRESSIVE;
				CLANG_CXX_LANGUAGE_STANDARD = "gnu++14";
				CLANG_CXX_LIBRARY = "libc++";
				CLANG_ENABLE_MODULES = YES;
				CLANG_ENABLE_OBJC_ARC = YES;
				CLANG_ENABLE_OBJC_WEAK = YES;
				CLANG_WARN_BLOCK_CAPTURE_AUTORELEASING = YES;
				CLANG_WARN_BOOL_CONVERSION = YES;
				CLANG_WARN_COMMA = YES;
				CLANG_WARN_CONSTANT_CONVERSION = YES;
				CLANG_WARN_DEPRECATED_OBJC_IMPLEMENTATIONS = YES;
				CLANG_WARN_DIRECT_OBJC_ISA_USAGE = YES_ERROR;
				CLANG_WARN_DOCUMENTATION_COMMENTS = YES;
				CLANG_WARN_EMPTY_BODY = YES;
				CLANG_WARN_ENUM_CONVERSION = YES;
				CLANG_WARN_INFINITE_RECURSION = YES;
				CLANG_WARN_INT_CONVERSION = YES;
				CLANG_WARN_NON_LITERAL_NULL_CONVERSION = YES;
				CLANG_WARN_OBJC_IMPLICIT_RETAIN_SELF = YES;
				CLANG_WARN_OBJC_LITERAL_CONVERSION = YES;
				CLANG_WARN_OBJC_ROOT_CLASS = YES_ERROR;
				CLANG_WARN_RANGE_LOOP_ANALYSIS = YES;
				CLANG_WARN_STRICT_PROTOTYPES = YES;
				CLANG_WARN_SUSPICIOUS_MOVE = YES;
				CLANG_WARN_UNGUARDED_AVAILABILITY = YES_AGGRESSIVE;
				CLANG_WARN_UNREACHABLE_CODE = YES;
				CLANG_WARN__DUPLICATE_METHOD_MATCH = YES;
				CODE_SIGN_IDENTITY = "iPhone Developer";
				COPY_PHASE_STRIP = NO;
				DEBUG_INFORMATION_FORMAT = dwarf;
				ENABLE_STRICT_OBJC_MSGSEND = YES;
				ENABLE_TESTABILITY = YES;
				GCC_C_LANGUAGE_STANDARD = gnu11;
				GCC_DYNAMIC_NO_PIC = NO;
				GCC_NO_COMMON_BLOCKS = YES;
				GCC_OPTIMIZATION_LEVEL = 0;
				GCC_PREPROCESSOR_DEFINITIONS = (
					"DEBUG=1",
					"$(inherited)",
				);
				GCC_WARN_64_TO_32_BIT_CONVERSION = YES;
				GCC_WARN_ABOUT_RETURN_TYPE = YES_ERROR;
				GCC_WARN_UNDECLARED_SELECTOR = YES;
				GCC_WARN_UNINITIALIZED_AUTOS = YES_AGGRESSIVE;
				GCC_WARN_UNUSED_FUNCTION = YES;
				GCC_WARN_UNUSED_VARIABLE = YES;
				IPHONEOS_DEPLOYMENT_TARGET = 11.4;
				MTL_ENABLE_DEBUG_INFO = YES;
				ONLY_ACTIVE_ARCH = YES;
				SDKROOT = iphoneos;
			};
			name = Debug;
		};
		99C594FD218AEC6600FBADEC /* Release */ = {
			isa = XCBuildConfiguration;
			buildSettings = {
				ALWAYS_SEARCH_USER_PATHS = NO;
				CLANG_ANALYZER_NONNULL = YES;
				CLANG_ANALYZER_NUMBER_OBJECT_CONVERSION = YES_AGGRESSIVE;
				CLANG_CXX_LANGUAGE_STANDARD = "gnu++14";
				CLANG_CXX_LIBRARY = "libc++";
				CLANG_ENABLE_MODULES = YES;
				CLANG_ENABLE_OBJC_ARC = YES;
				CLANG_ENABLE_OBJC_WEAK = YES;
				CLANG_WARN_BLOCK_CAPTURE_AUTORELEASING = YES;
				CLANG_WARN_BOOL_CONVERSION = YES;
				CLANG_WARN_COMMA = YES;
				CLANG_WARN_CONSTANT_CONVERSION = YES;
				CLANG_WARN_DEPRECATED_OBJC_IMPLEMENTATIONS = YES;
				CLANG_WARN_DIRECT_OBJC_ISA_USAGE = YES_ERROR;
				CLANG_WARN_DOCUMENTATION_COMMENTS = YES;
				CLANG_WARN_EMPTY_BODY = YES;
				CLANG_WARN_ENUM_CONVERSION = YES;
				CLANG_WARN_INFINITE_RECURSION = YES;
				CLANG_WARN_INT_CONVERSION = YES;
				CLANG_WARN_NON_LITERAL_NULL_CONVERSION = YES;
				CLANG_WARN_OBJC_IMPLICIT_RETAIN_SELF = YES;
				CLANG_WARN_OBJC_LITERAL_CONVERSION = YES;
				CLANG_WARN_OBJC_ROOT_CLASS = YES_ERROR;
				CLANG_WARN_RANGE_LOOP_ANALYSIS = YES;
				CLANG_WARN_STRICT_PROTOTYPES = YES;
				CLANG_WARN_SUSPICIOUS_MOVE = YES;
				CLANG_WARN_UNGUARDED_AVAILABILITY = YES_AGGRESSIVE;
				CLANG_WARN_UNREACHABLE_CODE = YES;
				CLANG_WARN__DUPLICATE_METHOD_MATCH = YES;
				CODE_SIGN_IDENTITY = "iPhone Developer";
				COPY_PHASE_STRIP = NO;
				DEBUG_INFORMATION_FORMAT = "dwarf-with-dsym";
				ENABLE_NS_ASSERTIONS = NO;
				ENABLE_STRICT_OBJC_MSGSEND = YES;
				GCC_C_LANGUAGE_STANDARD = gnu11;
				GCC_NO_COMMON_BLOCKS = YES;
				GCC_WARN_64_TO_32_BIT_CONVERSION = YES;
				GCC_WARN_ABOUT_RETURN_TYPE = YES_ERROR;
				GCC_WARN_UNDECLARED_SELECTOR = YES;
				GCC_WARN_UNINITIALIZED_AUTOS = YES_AGGRESSIVE;
				GCC_WARN_UNUSED_FUNCTION = YES;
				GCC_WARN_UNUSED_VARIABLE = YES;
				IPHONEOS_DEPLOYMENT_TARGET = 11.4;
				MTL_ENABLE_DEBUG_INFO = NO;
				SDKROOT = iphoneos;
				VALIDATE_PRODUCT = YES;
			};
			name = Release;
		};
		99C594FF218AEC6600FBADEC /* Debug */ = {
			isa = XCBuildConfiguration;
			baseConfigurationReference = 7B4B072C084C4615A688F08E /* Pods-Winter.debug.xcconfig */;
			buildSettings = {
				ASSETCATALOG_COMPILER_APPICON_NAME = AppIcon;
				CODE_SIGN_STYLE = Automatic;
				DEVELOPMENT_TEAM = 67Q9MLFAD9;
				INFOPLIST_FILE = Winter/Info.plist;
				IPHONEOS_DEPLOYMENT_TARGET = 8.1;
				LD_RUNPATH_SEARCH_PATHS = (
					"$(inherited)",
					"@executable_path/Frameworks",
				);
				PRODUCT_BUNDLE_IDENTIFIER = com.devmengdong.Winter;
				PRODUCT_NAME = "$(TARGET_NAME)";
				TARGETED_DEVICE_FAMILY = "1,2";
			};
			name = Debug;
		};
		99C59500218AEC6600FBADEC /* Release */ = {
			isa = XCBuildConfiguration;
			baseConfigurationReference = 0DA477727A6466D15156329A /* Pods-Winter.release.xcconfig */;
			buildSettings = {
				ASSETCATALOG_COMPILER_APPICON_NAME = AppIcon;
				CODE_SIGN_STYLE = Automatic;
				DEVELOPMENT_TEAM = 67Q9MLFAD9;
				INFOPLIST_FILE = Winter/Info.plist;
				IPHONEOS_DEPLOYMENT_TARGET = 8.1;
				LD_RUNPATH_SEARCH_PATHS = (
					"$(inherited)",
					"@executable_path/Frameworks",
				);
				PRODUCT_BUNDLE_IDENTIFIER = com.devmengdong.Winter;
				PRODUCT_NAME = "$(TARGET_NAME)";
				TARGETED_DEVICE_FAMILY = "1,2";
			};
			name = Release;
		};
/* End XCBuildConfiguration section */

/* Begin XCConfigurationList section */
		99C594E3218AEC6400FBADEC /* Build configuration list for PBXProject "Winter" */ = {
			isa = XCConfigurationList;
			buildConfigurations = (
				99C594FC218AEC6600FBADEC /* Debug */,
				99C594FD218AEC6600FBADEC /* Release */,
			);
			defaultConfigurationIsVisible = 0;
			defaultConfigurationName = Release;
		};
		99C594FE218AEC6600FBADEC /* Build configuration list for PBXNativeTarget "Winter" */ = {
			isa = XCConfigurationList;
			buildConfigurations = (
				99C594FF218AEC6600FBADEC /* Debug */,
				99C59500218AEC6600FBADEC /* Release */,
			);
			defaultConfigurationIsVisible = 0;
			defaultConfigurationName = Release;
		};
/* End XCConfigurationList section */
	};
	rootObject = 99C594E0218AEC6400FBADEC /* Project object */;
}
